{
    "requires": true,
    "lockfileVersion": 1,
    "dependencies": {
        "@babel/runtime-corejs3": {
            "version": "7.12.5",
            "resolved": "https://registry.npmjs.org/@babel/runtime-corejs3/-/runtime-corejs3-7.12.5.tgz",
            "integrity": "sha512-roGr54CsTmNPPzZoCP1AmDXuBoNao7tnSA83TXTwt+UK5QVyh1DIJnrgYRPWKCF2flqZQXwa7Yr8v7VmLzF0YQ==",
            "optional": true,
            "requires": {
                "core-js-pure": "^3.0.0",
                "regenerator-runtime": "^0.13.4"
            }
        },
        "@mdi/font": {
            "version": "5.8.55",
            "resolved": "https://registry.npmjs.org/@mdi/font/-/font-5.8.55.tgz",
            "integrity": "sha512-8mrwfFBsmj+D67ZiGQSe5TU/lcWCtDyli2eshQ2fvLCZGRPqFMM23YQp4+JMOTpk5yMZKTeAwNWIYfITy76OHA=="
        },
        "@types/raf": {
            "version": "3.4.0",
            "resolved": "https://registry.npmjs.org/@types/raf/-/raf-3.4.0.tgz",
            "integrity": "sha512-taW5/WYqo36N7V39oYyHP9Ipfd5pNFvGTIQsNGj86xV88YQ7GnI30/yMfKDF7Zgin0m3e+ikX88FvImnK4RjGw==",
            "optional": true
        },
        "atob": {
            "version": "2.1.2",
            "resolved": "https://registry.npmjs.org/atob/-/atob-2.1.2.tgz",
            "integrity": "sha512-Wm6ukoaOGJi/73p/cl2GvLjTI5JM1k/O14isD73YML8StrH/7/lRFgmg8nICZgD3bZZvjwCGxtMOD3wWNAu8cg=="
        },
        "axios": {
            "version": "0.19.2",
            "resolved": "https://registry.npmjs.org/axios/-/axios-0.19.2.tgz",
            "integrity": "sha512-fjgm5MvRHLhx+osE2xoekY70AhARk3a6hkN+3Io1jc00jtquGvxYlKlsFUhmUET0V5te6CcZI7lcv2Ym61mjHA==",
            "dev": true,
            "requires": {
                "follow-redirects": "1.5.10"
            }
        },
        "base64-arraybuffer": {
            "version": "0.2.0",
            "resolved": "https://registry.npmjs.org/base64-arraybuffer/-/base64-arraybuffer-0.2.0.tgz",
            "integrity": "sha512-7emyCsu1/xiBXgQZrscw/8KPRT44I4Yq9Pe6EGs3aPRTsWuggML1/1DTuZUuIaJPIm1FTDUVXl4x/yW8s0kQDQ==",
            "optional": true
        },
        "btoa": {
            "version": "1.2.1",
            "resolved": "https://registry.npmjs.org/btoa/-/btoa-1.2.1.tgz",
            "integrity": "sha512-SB4/MIGlsiVkMcHmT+pSmIPoNDoHg+7cMzmt3Uxt628MTz2487DKSqK/fuhFBrkuqrYv5UCEnACpF4dTFNKc/g=="
        },
        "canvg": {
            "version": "3.0.7",
            "resolved": "https://registry.npmjs.org/canvg/-/canvg-3.0.7.tgz",
            "integrity": "sha512-4sq6iL5Q4VOXS3PL1BapiXIZItpxYyANVzsAKpTPS5oq4u3SKbGfUcbZh2gdLCQ3jWpG/y5wRkMlBBAJhXeiZA==",
            "optional": true,
            "requires": {
                "@babel/runtime-corejs3": "^7.9.6",
                "@types/raf": "^3.4.0",
                "raf": "^3.4.1",
                "rgbcolor": "^1.0.1",
                "stackblur-canvas": "^2.0.0",
                "svg-pathdata": "^5.0.5"
            }
        },
        "core-js": {
            "version": "3.8.0",
            "resolved": "https://registry.npmjs.org/core-js/-/core-js-3.8.0.tgz",
            "integrity": "sha512-W2VYNB0nwQQE7tKS7HzXd7r2y/y2SVJl4ga6oH/dnaLFzM0o2lB2P3zCkWj5Wc/zyMYjtgd5Hmhk0ObkQFZOIA==",
            "optional": true
        },
        "core-js-pure": {
            "version": "3.8.0",
            "resolved": "https://registry.npmjs.org/core-js-pure/-/core-js-pure-3.8.0.tgz",
            "integrity": "sha512-fRjhg3NeouotRoIV0L1FdchA6CK7ZD+lyINyMoz19SyV+ROpC4noS1xItWHFtwZdlqfMfVPJEyEGdfri2bD1pA==",
            "optional": true
        },
        "css-line-break": {
            "version": "1.1.1",
            "resolved": "https://registry.npmjs.org/css-line-break/-/css-line-break-1.1.1.tgz",
            "integrity": "sha512-1feNVaM4Fyzdj4mKPIQNL2n70MmuYzAXZ1aytlROFX1JsOo070OsugwGjj7nl6jnDJWHDM8zRZswkmeYVWZJQA==",
            "optional": true,
            "requires": {
                "base64-arraybuffer": "^0.2.0"
            }
        },
        "debug": {
            "version": "3.1.0",
            "resolved": "https://registry.npmjs.org/debug/-/debug-3.1.0.tgz",
            "integrity": "sha512-OX8XqP7/1a9cqkxYw2yXss15f26NKWBpDXQd0/uK/KPqdQhxbPa994hnzjcE2VqQpDslf55723cKPUOGSmMY3g==",
            "dev": true,
            "requires": {
                "ms": "2.0.0"
            }
        },
        "dompurify": {
            "version": "2.2.2",
            "resolved": "https://registry.npmjs.org/dompurify/-/dompurify-2.2.2.tgz",
            "integrity": "sha512-BsGR4nDLaC5CNBnyT5I+d5pOeaoWvgVeg6Gq/aqmKYWMPR07131u60I80BvExLAJ0FQEIBQ1BTicw+C5+jOyrg==",
            "optional": true
        },
        "follow-redirects": {
            "version": "1.5.10",
            "resolved": "https://registry.npmjs.org/follow-redirects/-/follow-redirects-1.5.10.tgz",
            "integrity": "sha512-0V5l4Cizzvqt5D44aTXbFZz+FtyXV1vrDN6qrelxtfYQKW0KO0W2T/hkE8xvGa/540LkZlkaUjO4ailYTFtHVQ==",
            "dev": true,
            "requires": {
                "debug": "=3.1.0"
            }
        },
        "hashids": {
            "version": "2.2.2",
            "resolved": "https://registry.npmjs.org/hashids/-/hashids-2.2.2.tgz",
            "integrity": "sha512-nqH06JLFeBBCg31jYSArbOs/XddTdnHSul/hb6XbrWg/UlUWFQc9KR21sVLoGKQGKPW1D3zgTgTew0oY7nhrhQ=="
        },
        "html2canvas": {
            "version": "1.0.0-rc.7",
            "resolved": "https://registry.npmjs.org/html2canvas/-/html2canvas-1.0.0-rc.7.tgz",
            "integrity": "sha512-yvPNZGejB2KOyKleZspjK/NruXVQuowu8NnV2HYG7gW7ytzl+umffbtUI62v2dCHQLDdsK6HIDtyJZ0W3neerA==",
            "optional": true,
            "requires": {
                "css-line-break": "1.1.1"
            }
        },
        "jspdf": {
            "version": "2.1.1",
            "resolved": "https://registry.npmjs.org/jspdf/-/jspdf-2.1.1.tgz",
            "integrity": "sha512-aEZmTr8SgR7Dy2zjFLu6pbg93urA7nZdbS3MIAXs8PSXn1ee7LSpm0JVMYZ+0qS6ZIUI5NriFSTdpVI4QArAXQ==",
            "requires": {
                "atob": "^2.1.2",
                "btoa": "^1.2.1",
                "canvg": "^3.0.6",
                "core-js": "^3.6.0",
                "dompurify": "^2.0.12",
                "html2canvas": "^1.0.0-rc.5"
            }
        },
        "lodash": {
            "version": "4.17.20",
            "resolved": "https://registry.npmjs.org/lodash/-/lodash-4.17.20.tgz",
            "integrity": "sha512-PlhdFcillOINfeV7Ni6oF1TAEayyZBoZ8bcshTHqOYJYlrqzRK5hagpagky5o4HfCzzd1TRkXPMFq6cKk9rGmA==",
            "dev": true
        },
        "moment": {
            "version": "2.29.1",
            "resolved": "https://registry.npmjs.org/moment/-/moment-2.29.1.tgz",
            "integrity": "sha512-kHmoybcPV8Sqy59DwNDY3Jefr64lK/by/da0ViFcuA4DH0vQg5Q6Ze5VimxkfQNSC+Mls/Kx53s7TjP1RhFEDQ=="
        },
        "ms": {
            "version": "2.0.0",
            "resolved": "https://registry.npmjs.org/ms/-/ms-2.0.0.tgz",
            "integrity": "sha1-VgiurfwAvmwpAd9fmGF4jeDVl8g=",
            "dev": true
        },
        "performance-now": {
            "version": "2.1.0",
            "resolved": "https://registry.npmjs.org/performance-now/-/performance-now-2.1.0.tgz",
            "integrity": "sha1-Ywn04OX6kT7BxpMHrjZLSzd8nns=",
            "optional": true
        },
        "raf": {
            "version": "3.4.1",
            "resolved": "https://registry.npmjs.org/raf/-/raf-3.4.1.tgz",
            "integrity": "sha512-Sq4CW4QhwOHE8ucn6J34MqtZCeWFP2aQSmrlroYgqAV1PjStIhJXxYuTgUIfkEk7zTLjmIjLmU5q+fbD1NnOJA==",
            "optional": true,
            "requires": {
                "performance-now": "^2.1.0"
            }
        },
        "regenerator-runtime": {
            "version": "0.13.7",
            "resolved": "https://registry.npmjs.org/regenerator-runtime/-/regenerator-runtime-0.13.7.tgz",
            "integrity": "sha512-a54FxoJDIr27pgf7IgeQGxmqUNYrcV338lf/6gH456HZ/PhX+5BcwHXG9ajESmwe6WRO0tAzRUrRmNONWgkrew==",
            "optional": true
        },
        "rgbcolor": {
            "version": "1.0.1",
            "resolved": "https://registry.npmjs.org/rgbcolor/-/rgbcolor-1.0.1.tgz",
            "integrity": "sha1-1lBezbMEplldom+ktDMHMGd1lF0=",
            "optional": true
        },
        "stackblur-canvas": {
            "version": "2.4.0",
            "resolved": "https://registry.npmjs.org/stackblur-canvas/-/stackblur-canvas-2.4.0.tgz",
            "integrity": "sha512-Z+HixfgYV0ss3C342DxPwc+UvN1SYWqoz7Wsi3xEDWEnaBkSCL3Ey21gF4io+WlLm8/RIrSnCrDBIEcH4O+q5Q==",
            "optional": true
        },
        "svg-pathdata": {
            "version": "5.0.5",
            "resolved": "https://registry.npmjs.org/svg-pathdata/-/svg-pathdata-5.0.5.tgz",
            "integrity": "sha512-TAAvLNSE3fEhyl/Da19JWfMAdhSXTYeviXsLSoDT1UM76ADj5ndwAPX1FKQEgB/gFMPavOy6tOqfalXKUiXrow==",
            "optional": true
        },
        "vee-validate": {
            "version": "3.4.5",
            "resolved": "https://registry.npmjs.org/vee-validate/-/vee-validate-3.4.5.tgz",
            "integrity": "sha512-ZEcLqOAZzSkMhDvPcTx0xcwVOijFnMW9J+BA20j+rDmo24T8RCCqVQyRwwrDrcWJZV2dRYl/yYNa2GB6UCoBvg=="
        },
        "vue": {
            "version": "2.6.12",
            "resolved": "https://registry.npmjs.org/vue/-/vue-2.6.12.tgz",
            "integrity": "sha512-uhmLFETqPPNyuLLbsKz6ioJ4q7AZHzD8ZVFNATNyICSZouqP2Sz0rotWQC8UNBF6VGSCs5abnKJoStA6JbCbfg=="
        },
        "vue-router": {
            "version": "3.4.9",
            "resolved": "https://registry.npmjs.org/vue-router/-/vue-router-3.4.9.tgz",
            "integrity": "sha512-CGAKWN44RqXW06oC+u4mPgHLQQi2t6vLD/JbGRDAXm0YpMv0bgpKuU5bBd7AvMgfTz9kXVRIWKHqRwGEb8xFkA=="
        },
        "vuetify": {
            "version": "2.3.19",
            "resolved": "https://registry.npmjs.org/vuetify/-/vuetify-2.3.19.tgz",
            "integrity": "sha512-xqaiSEv0SUrzcoYU/N+orF7crRrhFkZt2ZPSDyPdHhiL6vMOFSYyz0OyGX3lAFykX/FJJMkNPgYTdg1l7WD1jA=="
        }
    }
}
